PODS:
  - CTCoreCategory (0.0.1):
    - CTCoreCategory/NSArray (= 0.0.1)
    - CTCoreCategory/NSDate (= 0.0.1)
    - CTCoreCategory/NSDictionary (= 0.0.1)
    - CTCoreCategory/NSObject (= 0.0.1)
    - CTCoreCategory/NSString (= 0.0.1)
    - CTCoreCategory/UIAlertView (= 0.0.1)
    - CTCoreCategory/UIController (= 0.0.1)
    - CTCoreCategory/UIImage (= 0.0.1)
    - CTCoreCategory/UINavigationController (= 0.0.1)
    - CTCoreCategory/UITableViewCell (= 0.0.1)
    - CTCoreCategory/UIView (= 0.0.1)
  - CTCoreCategory/NSArray (0.0.1)
  - CTCoreCategory/NSDate (0.0.1)
  - CTCoreCategory/NSDictionary (0.0.1)
  - CTCoreCategory/NSObject (0.0.1)
  - CTCoreCategory/NSString (0.0.1)
  - CTCoreCategory/UIAlertView (0.0.1)
  - CTCoreCategory/UIController (0.0.1)
  - CTCoreCategory/UIImage (0.0.1)
  - CTCoreCategory/UINavigationController (0.0.1)
  - CTCoreCategory/UITableViewCell (0.0.1)
  - CTCoreCategory/UIView (0.0.1)

DEPENDENCIES:
  - CTCoreCategory (from `https://github.com/Excalibur-CT/CTCoreCategory.git`)

EXTERNAL SOURCES:
  CTCoreCategory:
    :git: https://github.com/Excalibur-CT/CTCoreCategory.git

CHECKOUT OPTIONS:
  CTCoreCategory:
    :commit: 4c37f2ba243a5ae4675db8ec30b7f78522bad4fb
    :git: https://github.com/Excalibur-CT/CTCoreCategory.git

SPEC CHECKSUMS:
  CTCoreCategory: 995040a2bd0253c8a8cad3c48e128d18d6732ebc

PODFILE CHECKSUM: a9324439fc59357f56fb540c2604cf1a459bb094

COCOAPODS: 1.0.1
