PODS:
  - CTCoreCategory (0.0.1):
    - CTCoreCategory/NSArray (= 0.0.1)
    - CTCoreCategory/NSDate (= 0.0.1)
    - CTCoreCategory/NSDictionary (= 0.0.1)
    - CTCoreCategory/NSMutableAttributedString (= 0.0.1)
    - CTCoreCategory/NSObject (= 0.0.1)
    - CTCoreCategory/NSString (= 0.0.1)
    - CTCoreCategory/NSTimer (= 0.0.1)
    - CTCoreCategory/UIAlertView (= 0.0.1)
    - CTCoreCategory/UIImage (= 0.0.1)
    - CTCoreCategory/UINavigationController (= 0.0.1)
    - CTCoreCategory/UITableViewCell (= 0.0.1)
    - CTCoreCategory/UIView (= 0.0.1)
    - CTCoreCategory/UIViewController (= 0.0.1)
  - CTCoreCategory/NSArray (0.0.1)
  - CTCoreCategory/NSDate (0.0.1)
  - CTCoreCategory/NSDictionary (0.0.1)
  - CTCoreCategory/NSMutableAttributedString (0.0.1)
  - CTCoreCategory/NSObject (0.0.1)
  - CTCoreCategory/NSString (0.0.1)
  - CTCoreCategory/NSTimer (0.0.1)
  - CTCoreCategory/UIAlertView (0.0.1)
  - CTCoreCategory/UIImage (0.0.1)
  - CTCoreCategory/UINavigationController (0.0.1)
  - CTCoreCategory/UITableViewCell (0.0.1)
  - CTCoreCategory/UIView (0.0.1)
  - CTCoreCategory/UIViewController (0.0.1)

DEPENDENCIES:
  - CTCoreCategory (from `https://github.com/Excalibur-CT/CTCoreCategory.git`)

EXTERNAL SOURCES:
  CTCoreCategory:
    :git: https://github.com/Excalibur-CT/CTCoreCategory.git

CHECKOUT OPTIONS:
  CTCoreCategory:
    :commit: cc104e2e17c31f3ea44ce86acc77a4e14e9c34d7
    :git: https://github.com/Excalibur-CT/CTCoreCategory.git

SPEC CHECKSUMS:
  CTCoreCategory: 51d985d3f5fe549ad644288cf4e17be7d152d739

PODFILE CHECKSUM: 6542375c3cf9b705d210ea614b1980276a8660bb

COCOAPODS: 1.1.1
